
Microsoft Visual Studio Solution File, Format Version 10.00
# Visual C# Express 2008
Project("{FAE04EC0-301F-11D3-BF4B-00C04F79EFBC}") = "ContactExtraProp", "ContactExtraProp\ContactExtraProp.csproj", "{A41AA619-CA32-4FF2-B9BC-C9045FD0D66B}"
EndProject
Global
	GlobalSection(SolutionConfigurationPlatforms) = preSolution
		Debug|Any CPU = Debug|Any CPU
		Release|Any CPU = Release|Any CPU
	EndGlobalSection
	GlobalSection(ProjectConfigurationPlatforms) = postSolution
		{A41AA619-CA32-4FF2-B9BC-C9045FD0D66B}.Debug|Any CPU.ActiveCfg = Debug|Any CPU
		{A41AA619-CA32-4FF2-B9BC-C9045FD0D66B}.Debug|Any CPU.Build.0 = Debug|Any CPU
		{A41AA619-CA32-4FF2-B9BC-C9045FD0D66B}.Release|Any CPU.ActiveCfg = Release|Any CPU
		{A41AA619-CA32-4FF2-B9BC-C9045FD0D66B}.Release|Any CPU.Build.0 = Release|Any CPU
	EndGlobalSection
	GlobalSection(SolutionProperties) = preSolution
		HideSolutionNode = FALSE
	EndGlobalSection
EndGlobal
