
Microsoft Visual Studio Solution File, Format Version 11.00
# Visual Studio 2010
Project("{FAE04EC0-301F-11D3-BF4B-00C04F79EFBC}") = "BoxConstructor", "BoxConstructor\BoxConstructor.csproj", "{FCE7BFFB-2528-4BFC-B631-2F0949324356}"
EndProject
Global
	GlobalSection(SolutionConfigurationPlatforms) = preSolution
		Debug|Any CPU = Debug|Any CPU
		Release|Any CPU = Release|Any CPU
	EndGlobalSection
	GlobalSection(ProjectConfigurationPlatforms) = postSolution
		{FCE7BFFB-2528-4BFC-B631-2F0949324356}.Debug|Any CPU.ActiveCfg = Debug|Any CPU
		{FCE7BFFB-2528-4BFC-B631-2F0949324356}.Debug|Any CPU.Build.0 = Debug|Any CPU
		{FCE7BFFB-2528-4BFC-B631-2F0949324356}.Release|Any CPU.ActiveCfg = Release|Any CPU
		{FCE7BFFB-2528-4BFC-B631-2F0949324356}.Release|Any CPU.Build.0 = Release|Any CPU
	EndGlobalSection
	GlobalSection(SolutionProperties) = preSolution
		HideSolutionNode = FALSE
	EndGlobalSection
EndGlobal
