
Microsoft Visual Studio Solution File, Format Version 10.00
# Visual C# Express 2008
Project("{FAE04EC0-301F-11D3-BF4B-00C04F79EFBC}") = "ContactPrivateMethod", "ContactPrivateMethod\ContactPrivateMethod.csproj", "{27E08186-2B63-4348-A080-CBAF0F936411}"
EndProject
Global
	GlobalSection(SolutionConfigurationPlatforms) = preSolution
		Debug|Any CPU = Debug|Any CPU
		Release|Any CPU = Release|Any CPU
	EndGlobalSection
	GlobalSection(ProjectConfigurationPlatforms) = postSolution
		{27E08186-2B63-4348-A080-CBAF0F936411}.Debug|Any CPU.ActiveCfg = Debug|Any CPU
		{27E08186-2B63-4348-A080-CBAF0F936411}.Debug|Any CPU.Build.0 = Debug|Any CPU
		{27E08186-2B63-4348-A080-CBAF0F936411}.Release|Any CPU.ActiveCfg = Release|Any CPU
		{27E08186-2B63-4348-A080-CBAF0F936411}.Release|Any CPU.Build.0 = Release|Any CPU
	EndGlobalSection
	GlobalSection(SolutionProperties) = preSolution
		HideSolutionNode = FALSE
	EndGlobalSection
EndGlobal
