
Microsoft Visual Studio Solution File, Format Version 12.00
# Visual Studio 2012
Project("{FAE04EC0-301F-11D3-BF4B-00C04F79EFBC}") = "WorldDataBaseA6", "WorldDataBaseA6\WorldDataBaseA6.csproj", "{0A80412D-A7CD-4004-9AAC-91C60431032C}"
EndProject
Global
	GlobalSection(SolutionConfigurationPlatforms) = preSolution
		Debug|Any CPU = Debug|Any CPU
		Release|Any CPU = Release|Any CPU
	EndGlobalSection
	GlobalSection(ProjectConfigurationPlatforms) = postSolution
		{0A80412D-A7CD-4004-9AAC-91C60431032C}.Debug|Any CPU.ActiveCfg = Debug|Any CPU
		{0A80412D-A7CD-4004-9AAC-91C60431032C}.Debug|Any CPU.Build.0 = Debug|Any CPU
		{0A80412D-A7CD-4004-9AAC-91C60431032C}.Release|Any CPU.ActiveCfg = Release|Any CPU
		{0A80412D-A7CD-4004-9AAC-91C60431032C}.Release|Any CPU.Build.0 = Release|Any CPU
	EndGlobalSection
	GlobalSection(SolutionProperties) = preSolution
		HideSolutionNode = FALSE
	EndGlobalSection
EndGlobal
