
Microsoft Visual Studio Solution File, Format Version 11.00
# Visual Studio 2010
Project("{FAE04EC0-301F-11D3-BF4B-00C04F79EFBC}") = "LeeTProgram5RollingDice2", "LeeTProgram5RollingDice2\LeeTProgram5RollingDice2.csproj", "{93CCC864-CDED-4728-BD8E-6FAC622DD4FB}"
EndProject
Global
	GlobalSection(SolutionConfigurationPlatforms) = preSolution
		Debug|x86 = Debug|x86
		Release|x86 = Release|x86
	EndGlobalSection
	GlobalSection(ProjectConfigurationPlatforms) = postSolution
		{93CCC864-CDED-4728-BD8E-6FAC622DD4FB}.Debug|x86.ActiveCfg = Debug|x86
		{93CCC864-CDED-4728-BD8E-6FAC622DD4FB}.Debug|x86.Build.0 = Debug|x86
		{93CCC864-CDED-4728-BD8E-6FAC622DD4FB}.Release|x86.ActiveCfg = Release|x86
		{93CCC864-CDED-4728-BD8E-6FAC622DD4FB}.Release|x86.Build.0 = Release|x86
	EndGlobalSection
	GlobalSection(SolutionProperties) = preSolution
		HideSolutionNode = FALSE
	EndGlobalSection
EndGlobal
